
Microsoft Visual Studio Solution File, Format Version 12.00
# Visual Studio Version 17
VisualStudioVersion = 17.9.34701.34
MinimumVisualStudioVersion = 10.0.40219.1
Project("{FAE04EC0-301F-11D3-BF4B-00C04F79EFBC}") = "MiniBatchConreteDelivery", "MiniBatchConreteDelivery.csproj", "{138062CC-A70C-4FF5-9900-96114A287003}"
EndProject
Global
	GlobalSection(SolutionConfigurationPlatforms) = preSolution
		Debug|Any CPU = Debug|Any CPU
		Release|Any CPU = Release|Any CPU
	EndGlobalSection
	GlobalSection(ProjectConfigurationPlatforms) = postSolution
		{138062CC-A70C-4FF5-9900-96114A287003}.Debug|Any CPU.ActiveCfg = Debug|Any CPU
		{138062CC-A70C-4FF5-9900-96114A287003}.Debug|Any CPU.Build.0 = Debug|Any CPU
		{138062CC-A70C-4FF5-9900-96114A287003}.Release|Any CPU.ActiveCfg = Release|Any CPU
		{138062CC-A70C-4FF5-9900-96114A287003}.Release|Any CPU.Build.0 = Release|Any CPU
	EndGlobalSection
	GlobalSection(SolutionProperties) = preSolution
		HideSolutionNode = FALSE
	EndGlobalSection
	GlobalSection(ExtensibilityGlobals) = postSolution
		SolutionGuid = {B89F881A-8A0D-450D-B66C-C267B074BDBA}
	EndGlobalSection
EndGlobal
